// !$*UTF8*$!
{
	archiveVersion = 1;
	classes = {
	};
	objectVersion = 46;
	objects = {

/* Begin PBXBuildFile section */
		0ABCC7E3154F1CBA00CE5CC7 /* Foundation.framework in Frameworks */ = {isa = PBXBuildFile; fileRef = 0ABCC7E2154F1CBA00CE5CC7 /* Foundation.framework */; };
		0ABCC82E154F1D6200CE5CC7 /* lapi.c in Sources */ = {isa = PBXBuildFile; fileRef = 0ABCC7F7154F1D6200CE5CC7 /* lapi.c */; };
		0ABCC82F154F1D6200CE5CC7 /* lapi.h in Headers */ = {isa = PBXBuildFile; fileRef = 0ABCC7F8154F1D6200CE5CC7 /* lapi.h */; };
		0ABCC830154F1D6200CE5CC7 /* lauxlib.c in Sources */ = {isa = PBXBuildFile; fileRef = 0ABCC7F9154F1D6200CE5CC7 /* lauxlib.c */; };
		0ABCC831154F1D6200CE5CC7 /* lauxlib.h in Headers */ = {isa = PBXBuildFile; fileRef = 0ABCC7FA154F1D6200CE5CC7 /* lauxlib.h */; };
		0ABCC832154F1D6200CE5CC7 /* lbaselib.c in Sources */ = {isa = PBXBuildFile; fileRef = 0ABCC7FB154F1D6200CE5CC7 /* lbaselib.c */; };
		0ABCC833154F1D6200CE5CC7 /* lcode.c in Sources */ = {isa = PBXBuildFile; fileRef = 0ABCC7FC154F1D6200CE5CC7 /* lcode.c */; };
		0ABCC834154F1D6200CE5CC7 /* lcode.h in Headers */ = {isa = PBXBuildFile; fileRef = 0ABCC7FD154F1D6200CE5CC7 /* lcode.h */; };
		0ABCC835154F1D6200CE5CC7 /* ldblib.c in Sources */ = {isa = PBXBuildFile; fileRef = 0ABCC7FE154F1D6200CE5CC7 /* ldblib.c */; };
		0ABCC836154F1D6200CE5CC7 /* ldebug.c in Sources */ = {isa = PBXBuildFile; fileRef = 0ABCC7FF154F1D6200CE5CC7 /* ldebug.c */; };
		0ABCC837154F1D6200CE5CC7 /* ldebug.h in Headers */ = {isa = PBXBuildFile; fileRef = 0ABCC800154F1D6200CE5CC7 /* ldebug.h */; };
		0ABCC838154F1D6200CE5CC7 /* ldo.c in Sources */ = {isa = PBXBuildFile; fileRef = 0ABCC801154F1D6200CE5CC7 /* ldo.c */; };
		0ABCC839154F1D6200CE5CC7 /* ldo.h in Headers */ = {isa = PBXBuildFile; fileRef = 0ABCC802154F1D6200CE5CC7 /* ldo.h */; };
		0ABCC83A154F1D6200CE5CC7 /* ldump.c in Sources */ = {isa = PBXBuildFile; fileRef = 0ABCC803154F1D6200CE5CC7 /* ldump.c */; };
		0ABCC83B154F1D6200CE5CC7 /* lfunc.c in Sources */ = {isa = PBXBuildFile; fileRef = 0ABCC804154F1D6200CE5CC7 /* lfunc.c */; };
		0ABCC83C154F1D6200CE5CC7 /* lfunc.h in Headers */ = {isa = PBXBuildFile; fileRef = 0ABCC805154F1D6200CE5CC7 /* lfunc.h */; };
		0ABCC83D154F1D6200CE5CC7 /* lgc.c in Sources */ = {isa = PBXBuildFile; fileRef = 0ABCC806154F1D6200CE5CC7 /* lgc.c */; };
		0ABCC83E154F1D6200CE5CC7 /* lgc.h in Headers */ = {isa = PBXBuildFile; fileRef = 0ABCC807154F1D6200CE5CC7 /* lgc.h */; };
		0ABCC83F154F1D6200CE5CC7 /* linit.c in Sources */ = {isa = PBXBuildFile; fileRef = 0ABCC808154F1D6200CE5CC7 /* linit.c */; };
		0ABCC840154F1D6200CE5CC7 /* liolib.c in Sources */ = {isa = PBXBuildFile; fileRef = 0ABCC809154F1D6200CE5CC7 /* liolib.c */; };
		0ABCC841154F1D6200CE5CC7 /* llex.c in Sources */ = {isa = PBXBuildFile; fileRef = 0ABCC80A154F1D6200CE5CC7 /* llex.c */; };
		0ABCC842154F1D6200CE5CC7 /* llex.h in Headers */ = {isa = PBXBuildFile; fileRef = 0ABCC80B154F1D6200CE5CC7 /* llex.h */; };
		0ABCC843154F1D6200CE5CC7 /* llimits.h in Headers */ = {isa = PBXBuildFile; fileRef = 0ABCC80C154F1D6200CE5CC7 /* llimits.h */; };
		0ABCC844154F1D6200CE5CC7 /* lmathlib.c in Sources */ = {isa = PBXBuildFile; fileRef = 0ABCC80D154F1D6200CE5CC7 /* lmathlib.c */; };
		0ABCC845154F1D6200CE5CC7 /* lmem.c in Sources */ = {isa = PBXBuildFile; fileRef = 0ABCC80E154F1D6200CE5CC7 /* lmem.c */; };
		0ABCC846154F1D6200CE5CC7 /* lmem.h in Headers */ = {isa = PBXBuildFile; fileRef = 0ABCC80F154F1D6200CE5CC7 /* lmem.h */; };
		0ABCC847154F1D6200CE5CC7 /* loadlib.c in Sources */ = {isa = PBXBuildFile; fileRef = 0ABCC810154F1D6200CE5CC7 /* loadlib.c */; };
		0ABCC848154F1D6200CE5CC7 /* lobject.c in Sources */ = {isa = PBXBuildFile; fileRef = 0ABCC811154F1D6200CE5CC7 /* lobject.c */; };
		0ABCC849154F1D6200CE5CC7 /* lobject.h in Headers */ = {isa = PBXBuildFile; fileRef = 0ABCC812154F1D6200CE5CC7 /* lobject.h */; };
		0ABCC84A154F1D6200CE5CC7 /* lopcodes.c in Sources */ = {isa = PBXBuildFile; fileRef = 0ABCC813154F1D6200CE5CC7 /* lopcodes.c */; };
		0ABCC84B154F1D6200CE5CC7 /* lopcodes.h in Headers */ = {isa = PBXBuildFile; fileRef = 0ABCC814154F1D6200CE5CC7 /* lopcodes.h */; };
		0ABCC84C154F1D6200CE5CC7 /* loslib.c in Sources */ = {isa = PBXBuildFile; fileRef = 0ABCC815154F1D6200CE5CC7 /* loslib.c */; };
		0ABCC84D154F1D6200CE5CC7 /* lparser.c in Sources */ = {isa = PBXBuildFile; fileRef = 0ABCC816154F1D6200CE5CC7 /* lparser.c */; };
		0ABCC84E154F1D6200CE5CC7 /* lparser.h in Headers */ = {isa = PBXBuildFile; fileRef = 0ABCC817154F1D6200CE5CC7 /* lparser.h */; };
		0ABCC84F154F1D6200CE5CC7 /* lstate.c in Sources */ = {isa = PBXBuildFile; fileRef = 0ABCC818154F1D6200CE5CC7 /* lstate.c */; };
		0ABCC850154F1D6200CE5CC7 /* lstate.h in Headers */ = {isa = PBXBuildFile; fileRef = 0ABCC819154F1D6200CE5CC7 /* lstate.h */; };
		0ABCC851154F1D6200CE5CC7 /* lstring.c in Sources */ = {isa = PBXBuildFile; fileRef = 0ABCC81A154F1D6200CE5CC7 /* lstring.c */; };
		0ABCC852154F1D6200CE5CC7 /* lstring.h in Headers */ = {isa = PBXBuildFile; fileRef = 0ABCC81B154F1D6200CE5CC7 /* lstring.h */; };
		0ABCC853154F1D6200CE5CC7 /* lstrlib.c in Sources */ = {isa = PBXBuildFile; fileRef = 0ABCC81C154F1D6200CE5CC7 /* lstrlib.c */; };
		0ABCC854154F1D6200CE5CC7 /* ltable.c in Sources */ = {isa = PBXBuildFile; fileRef = 0ABCC81D154F1D6200CE5CC7 /* ltable.c */; };
		0ABCC855154F1D6200CE5CC7 /* ltable.h in Headers */ = {isa = PBXBuildFile; fileRef = 0ABCC81E154F1D6200CE5CC7 /* ltable.h */; };
		0ABCC856154F1D6200CE5CC7 /* ltablib.c in Sources */ = {isa = PBXBuildFile; fileRef = 0ABCC81F154F1D6200CE5CC7 /* ltablib.c */; };
		0ABCC857154F1D6200CE5CC7 /* ltm.c in Sources */ = {isa = PBXBuildFile; fileRef = 0ABCC820154F1D6200CE5CC7 /* ltm.c */; };
		0ABCC858154F1D6200CE5CC7 /* ltm.h in Headers */ = {isa = PBXBuildFile; fileRef = 0ABCC821154F1D6200CE5CC7 /* ltm.h */; };
		0ABCC859154F1D6200CE5CC7 /* lua.c in Sources */ = {isa = PBXBuildFile; fileRef = 0ABCC822154F1D6200CE5CC7 /* lua.c */; };
		0ABCC85A154F1D6200CE5CC7 /* lua.h in Headers */ = {isa = PBXBuildFile; fileRef = 0ABCC823154F1D6200CE5CC7 /* lua.h */; };
		0ABCC85B154F1D6200CE5CC7 /* luac.c in Sources */ = {isa = PBXBuildFile; fileRef = 0ABCC824154F1D6200CE5CC7 /* luac.c */; };
		0ABCC85C154F1D6200CE5CC7 /* luaconf.h in Headers */ = {isa = PBXBuildFile; fileRef = 0ABCC825154F1D6200CE5CC7 /* luaconf.h */; };
		0ABCC85D154F1D6200CE5CC7 /* lualib.h in Headers */ = {isa = PBXBuildFile; fileRef = 0ABCC826154F1D6200CE5CC7 /* lualib.h */; };
		0ABCC85E154F1D6200CE5CC7 /* lundump.c in Sources */ = {isa = PBXBuildFile; fileRef = 0ABCC827154F1D6200CE5CC7 /* lundump.c */; };
		0ABCC85F154F1D6200CE5CC7 /* lundump.h in Headers */ = {isa = PBXBuildFile; fileRef = 0ABCC828154F1D6200CE5CC7 /* lundump.h */; };
		0ABCC860154F1D6200CE5CC7 /* lvm.c in Sources */ = {isa = PBXBuildFile; fileRef = 0ABCC829154F1D6200CE5CC7 /* lvm.c */; };
		0ABCC861154F1D6200CE5CC7 /* lvm.h in Headers */ = {isa = PBXBuildFile; fileRef = 0ABCC82A154F1D6200CE5CC7 /* lvm.h */; };
		0ABCC862154F1D6200CE5CC7 /* lzio.c in Sources */ = {isa = PBXBuildFile; fileRef = 0ABCC82B154F1D6200CE5CC7 /* lzio.c */; };
		0ABCC863154F1D6200CE5CC7 /* lzio.h in Headers */ = {isa = PBXBuildFile; fileRef = 0ABCC82C154F1D6200CE5CC7 /* lzio.h */; };
		0ABCC864154F1D6200CE5CC7 /* print.c in Sources */ = {isa = PBXBuildFile; fileRef = 0ABCC82D154F1D6200CE5CC7 /* print.c */; };
		0ABCC86A154F1DB000CE5CC7 /* KKLua.h in Headers */ = {isa = PBXBuildFile; fileRef = 0ABCC866154F1DB000CE5CC7 /* KKLua.h */; settings = {ATTRIBUTES = (Public, ); }; };
		0ABCC86B154F1DB000CE5CC7 /* KKLua.m in Sources */ = {isa = PBXBuildFile; fileRef = 0ABCC867154F1DB000CE5CC7 /* KKLua.m */; };
		0ABCC86C154F1DB000CE5CC7 /* kkLuaInitScript.h in Headers */ = {isa = PBXBuildFile; fileRef = 0ABCC868154F1DB000CE5CC7 /* kkLuaInitScript.h */; settings = {ATTRIBUTES = (Public, ); }; };
		0ABCC8F4154F1E0600CE5CC7 /* KKConfig.h in Headers */ = {isa = PBXBuildFile; fileRef = 0ABCC8F1154F1E0600CE5CC7 /* KKConfig.h */; settings = {ATTRIBUTES = (Public, ); }; };
		0ABCC8F5154F1E0600CE5CC7 /* KKConfig.m in Sources */ = {isa = PBXBuildFile; fileRef = 0ABCC8F2154F1E0600CE5CC7 /* KKConfig.m */; };
		0ABCC8F6154F1E0600CE5CC7 /* luawax.h in Headers */ = {isa = PBXBuildFile; fileRef = 0ABCC8F3154F1E0600CE5CC7 /* luawax.h */; };
/* End PBXBuildFile section */

/* Begin PBXFileReference section */
		0ABCC7DF154F1CBA00CE5CC7 /* libLuaLib.a */ = {isa = PBXFileReference; explicitFileType = archive.ar; includeInIndex = 0; path = libLuaLib.a; sourceTree = BUILT_PRODUCTS_DIR; };
		0ABCC7E2154F1CBA00CE5CC7 /* Foundation.framework */ = {isa = PBXFileReference; lastKnownFileType = wrapper.framework; name = Foundation.framework; path = System/Library/Frameworks/Foundation.framework; sourceTree = SDKROOT; };
		0ABCC7E6154F1CBA00CE5CC7 /* LuaLib-Prefix.pch */ = {isa = PBXFileReference; lastKnownFileType = sourcecode.c.h; path = "LuaLib-Prefix.pch"; sourceTree = "<group>"; };
		0ABCC7F7154F1D6200CE5CC7 /* lapi.c */ = {isa = PBXFileReference; fileEncoding = 4; lastKnownFileType = sourcecode.c.c; path = lapi.c; sourceTree = "<group>"; };
		0ABCC7F8154F1D6200CE5CC7 /* lapi.h */ = {isa = PBXFileReference; fileEncoding = 4; lastKnownFileType = sourcecode.c.h; path = lapi.h; sourceTree = "<group>"; };
		0ABCC7F9154F1D6200CE5CC7 /* lauxlib.c */ = {isa = PBXFileReference; fileEncoding = 4; lastKnownFileType = sourcecode.c.c; path = lauxlib.c; sourceTree = "<group>"; };
		0ABCC7FA154F1D6200CE5CC7 /* lauxlib.h */ = {isa = PBXFileReference; fileEncoding = 4; lastKnownFileType = sourcecode.c.h; path = lauxlib.h; sourceTree = "<group>"; };
		0ABCC7FB154F1D6200CE5CC7 /* lbaselib.c */ = {isa = PBXFileReference; fileEncoding = 4; lastKnownFileType = sourcecode.c.c; path = lbaselib.c; sourceTree = "<group>"; };
		0ABCC7FC154F1D6200CE5CC7 /* lcode.c */ = {isa = PBXFileReference; fileEncoding = 4; lastKnownFileType = sourcecode.c.c; path = lcode.c; sourceTree = "<group>"; };
		0ABCC7FD154F1D6200CE5CC7 /* lcode.h */ = {isa = PBXFileReference; fileEncoding = 4; lastKnownFileType = sourcecode.c.h; path = lcode.h; sourceTree = "<group>"; };
		0ABCC7FE154F1D6200CE5CC7 /* ldblib.c */ = {isa = PBXFileReference; fileEncoding = 4; lastKnownFileType = sourcecode.c.c; path = ldblib.c; sourceTree = "<group>"; };
		0ABCC7FF154F1D6200CE5CC7 /* ldebug.c */ = {isa = PBXFileReference; fileEncoding = 4; lastKnownFileType = sourcecode.c.c; path = ldebug.c; sourceTree = "<group>"; };
		0ABCC800154F1D6200CE5CC7 /* ldebug.h */ = {isa = PBXFileReference; fileEncoding = 4; lastKnownFileType = sourcecode.c.h; path = ldebug.h; sourceTree = "<group>"; };
		0ABCC801154F1D6200CE5CC7 /* ldo.c */ = {isa = PBXFileReference; fileEncoding = 4; lastKnownFileType = sourcecode.c.c; path = ldo.c; sourceTree = "<group>"; };
		0ABCC802154F1D6200CE5CC7 /* ldo.h */ = {isa = PBXFileReference; fileEncoding = 4; lastKnownFileType = sourcecode.c.h; path = ldo.h; sourceTree = "<group>"; };
		0ABCC803154F1D6200CE5CC7 /* ldump.c */ = {isa = PBXFileReference; fileEncoding = 4; lastKnownFileType = sourcecode.c.c; path = ldump.c; sourceTree = "<group>"; };
		0ABCC804154F1D6200CE5CC7 /* lfunc.c */ = {isa = PBXFileReference; fileEncoding = 4; lastKnownFileType = sourcecode.c.c; path = lfunc.c; sourceTree = "<group>"; };
		0ABCC805154F1D6200CE5CC7 /* lfunc.h */ = {isa = PBXFileReference; fileEncoding = 4; lastKnownFileType = sourcecode.c.h; path = lfunc.h; sourceTree = "<group>"; };
		0ABCC806154F1D6200CE5CC7 /* lgc.c */ = {isa = PBXFileReference; fileEncoding = 4; lastKnownFileType = sourcecode.c.c; path = lgc.c; sourceTree = "<group>"; };
		0ABCC807154F1D6200CE5CC7 /* lgc.h */ = {isa = PBXFileReference; fileEncoding = 4; lastKnownFileType = sourcecode.c.h; path = lgc.h; sourceTree = "<group>"; };
		0ABCC808154F1D6200CE5CC7 /* linit.c */ = {isa = PBXFileReference; fileEncoding = 4; lastKnownFileType = sourcecode.c.c; path = linit.c; sourceTree = "<group>"; };
		0ABCC809154F1D6200CE5CC7 /* liolib.c */ = {isa = PBXFileReference; fileEncoding = 4; lastKnownFileType = sourcecode.c.c; path = liolib.c; sourceTree = "<group>"; };
		0ABCC80A154F1D6200CE5CC7 /* llex.c */ = {isa = PBXFileReference; fileEncoding = 4; lastKnownFileType = sourcecode.c.c; path = llex.c; sourceTree = "<group>"; };
		0ABCC80B154F1D6200CE5CC7 /* llex.h */ = {isa = PBXFileReference; fileEncoding = 4; lastKnownFileType = sourcecode.c.h; path = llex.h; sourceTree = "<group>"; };
		0ABCC80C154F1D6200CE5CC7 /* llimits.h */ = {isa = PBXFileReference; fileEncoding = 4; lastKnownFileType = sourcecode.c.h; path = llimits.h; sourceTree = "<group>"; };
		0ABCC80D154F1D6200CE5CC7 /* lmathlib.c */ = {isa = PBXFileReference; fileEncoding = 4; lastKnownFileType = sourcecode.c.c; path = lmathlib.c; sourceTree = "<group>"; };
		0ABCC80E154F1D6200CE5CC7 /* lmem.c */ = {isa = PBXFileReference; fileEncoding = 4; lastKnownFileType = sourcecode.c.c; path = lmem.c; sourceTree = "<group>"; };
		0ABCC80F154F1D6200CE5CC7 /* lmem.h */ = {isa = PBXFileReference; fileEncoding = 4; lastKnownFileType = sourcecode.c.h; path = lmem.h; sourceTree = "<group>"; };
		0ABCC810154F1D6200CE5CC7 /* loadlib.c */ = {isa = PBXFileReference; fileEncoding = 4; lastKnownFileType = sourcecode.c.c; path = loadlib.c; sourceTree = "<group>"; };
		0ABCC811154F1D6200CE5CC7 /* lobject.c */ = {isa = PBXFileReference; fileEncoding = 4; lastKnownFileType = sourcecode.c.c; path = lobject.c; sourceTree = "<group>"; };
		0ABCC812154F1D6200CE5CC7 /* lobject.h */ = {isa = PBXFileReference; fileEncoding = 4; lastKnownFileType = sourcecode.c.h; path = lobject.h; sourceTree = "<group>"; };
		0ABCC813154F1D6200CE5CC7 /* lopcodes.c */ = {isa = PBXFileReference; fileEncoding = 4; lastKnownFileType = sourcecode.c.c; path = lopcodes.c; sourceTree = "<group>"; };
		0ABCC814154F1D6200CE5CC7 /* lopcodes.h */ = {isa = PBXFileReference; fileEncoding = 4; lastKnownFileType = sourcecode.c.h; path = lopcodes.h; sourceTree = "<group>"; };
		0ABCC815154F1D6200CE5CC7 /* loslib.c */ = {isa = PBXFileReference; fileEncoding = 4; lastKnownFileType = sourcecode.c.c; path = loslib.c; sourceTree = "<group>"; };
		0ABCC816154F1D6200CE5CC7 /* lparser.c */ = {isa = PBXFileReference; fileEncoding = 4; lastKnownFileType = sourcecode.c.c; path = lparser.c; sourceTree = "<group>"; };
		0ABCC817154F1D6200CE5CC7 /* lparser.h */ = {isa = PBXFileReference; fileEncoding = 4; lastKnownFileType = sourcecode.c.h; path = lparser.h; sourceTree = "<group>"; };
		0ABCC818154F1D6200CE5CC7 /* lstate.c */ = {isa = PBXFileReference; fileEncoding = 4; lastKnownFileType = sourcecode.c.c; path = lstate.c; sourceTree = "<group>"; };
		0ABCC819154F1D6200CE5CC7 /* lstate.h */ = {isa = PBXFileReference; fileEncoding = 4; lastKnownFileType = sourcecode.c.h; path = lstate.h; sourceTree = "<group>"; };
		0ABCC81A154F1D6200CE5CC7 /* lstring.c */ = {isa = PBXFileReference; fileEncoding = 4; lastKnownFileType = sourcecode.c.c; path = lstring.c; sourceTree = "<group>"; };
		0ABCC81B154F1D6200CE5CC7 /* lstring.h */ = {isa = PBXFileReference; fileEncoding = 4; lastKnownFileType = sourcecode.c.h; path = lstring.h; sourceTree = "<group>"; };
		0ABCC81C154F1D6200CE5CC7 /* lstrlib.c */ = {isa = PBXFileReference; fileEncoding = 4; lastKnownFileType = sourcecode.c.c; path = lstrlib.c; sourceTree = "<group>"; };
		0ABCC81D154F1D6200CE5CC7 /* ltable.c */ = {isa = PBXFileReference; fileEncoding = 4; lastKnownFileType = sourcecode.c.c; path = ltable.c; sourceTree = "<group>"; };
		0ABCC81E154F1D6200CE5CC7 /* ltable.h */ = {isa = PBXFileReference; fileEncoding = 4; lastKnownFileType = sourcecode.c.h; path = ltable.h; sourceTree = "<group>"; };
		0ABCC81F154F1D6200CE5CC7 /* ltablib.c */ = {isa = PBXFileReference; fileEncoding = 4; lastKnownFileType = sourcecode.c.c; path = ltablib.c; sourceTree = "<group>"; };
		0ABCC820154F1D6200CE5CC7 /* ltm.c */ = {isa = PBXFileReference; fileEncoding = 4; lastKnownFileType = sourcecode.c.c; path = ltm.c; sourceTree = "<group>"; };
		0ABCC821154F1D6200CE5CC7 /* ltm.h */ = {isa = PBXFileReference; fileEncoding = 4; lastKnownFileType = sourcecode.c.h; path = ltm.h; sourceTree = "<group>"; };
		0ABCC822154F1D6200CE5CC7 /* lua.c */ = {isa = PBXFileReference; fileEncoding = 4; lastKnownFileType = sourcecode.c.c; path = lua.c; sourceTree = "<group>"; };
		0ABCC823154F1D6200CE5CC7 /* lua.h */ = {isa = PBXFileReference; fileEncoding = 4; lastKnownFileType = sourcecode.c.h; path = lua.h; sourceTree = "<group>"; };
		0ABCC824154F1D6200CE5CC7 /* luac.c */ = {isa = PBXFileReference; fileEncoding = 4; lastKnownFileType = sourcecode.c.c; path = luac.c; sourceTree = "<group>"; };
		0ABCC825154F1D6200CE5CC7 /* luaconf.h */ = {isa = PBXFileReference; fileEncoding = 4; lastKnownFileType = sourcecode.c.h; path = luaconf.h; sourceTree = "<group>"; };
		0ABCC826154F1D6200CE5CC7 /* lualib.h */ = {isa = PBXFileReference; fileEncoding = 4; lastKnownFileType = sourcecode.c.h; path = lualib.h; sourceTree = "<group>"; };
		0ABCC827154F1D6200CE5CC7 /* lundump.c */ = {isa = PBXFileReference; fileEncoding = 4; lastKnownFileType = sourcecode.c.c; path = lundump.c; sourceTree = "<group>"; };
		0ABCC828154F1D6200CE5CC7 /* lundump.h */ = {isa = PBXFileReference; fileEncoding = 4; lastKnownFileType = sourcecode.c.h; path = lundump.h; sourceTree = "<group>"; };
		0ABCC829154F1D6200CE5CC7 /* lvm.c */ = {isa = PBXFileReference; fileEncoding = 4; lastKnownFileType = sourcecode.c.c; path = lvm.c; sourceTree = "<group>"; };
		0ABCC82A154F1D6200CE5CC7 /* lvm.h */ = {isa = PBXFileReference; fileEncoding = 4; lastKnownFileType = sourcecode.c.h; path = lvm.h; sourceTree = "<group>"; };
		0ABCC82B154F1D6200CE5CC7 /* lzio.c */ = {isa = PBXFileReference; fileEncoding = 4; lastKnownFileType = sourcecode.c.c; path = lzio.c; sourceTree = "<group>"; };
		0ABCC82C154F1D6200CE5CC7 /* lzio.h */ = {isa = PBXFileReference; fileEncoding = 4; lastKnownFileType = sourcecode.c.h; path = lzio.h; sourceTree = "<group>"; };
		0ABCC82D154F1D6200CE5CC7 /* print.c */ = {isa = PBXFileReference; fileEncoding = 4; lastKnownFileType = sourcecode.c.c; path = print.c; sourceTree = "<group>"; };
		0ABCC866154F1DB000CE5CC7 /* KKLua.h */ = {isa = PBXFileReference; fileEncoding = 4; lastKnownFileType = sourcecode.c.h; path = KKLua.h; sourceTree = "<group>"; };
		0ABCC867154F1DB000CE5CC7 /* KKLua.m */ = {isa = PBXFileReference; fileEncoding = 4; lastKnownFileType = sourcecode.c.objc; path = KKLua.m; sourceTree = "<group>"; };
		0ABCC868154F1DB000CE5CC7 /* kkLuaInitScript.h */ = {isa = PBXFileReference; fileEncoding = 4; lastKnownFileType = sourcecode.c.h; path = kkLuaInitScript.h; sourceTree = "<group>"; };
		0ABCC8F1154F1E0600CE5CC7 /* KKConfig.h */ = {isa = PBXFileReference; fileEncoding = 4; lastKnownFileType = sourcecode.c.h; path = KKConfig.h; sourceTree = "<group>"; };
		0ABCC8F2154F1E0600CE5CC7 /* KKConfig.m */ = {isa = PBXFileReference; fileEncoding = 4; lastKnownFileType = sourcecode.c.objc; path = KKConfig.m; sourceTree = "<group>"; };
		0ABCC8F3154F1E0600CE5CC7 /* luawax.h */ = {isa = PBXFileReference; fileEncoding = 4; lastKnownFileType = sourcecode.c.h; path = luawax.h; sourceTree = "<group>"; };
		0ABCCB0A154F2D9A00CE5CC7 /* Config.xcconfig */ = {isa = PBXFileReference; fileEncoding = 4; lastKnownFileType = text.xcconfig; path = Config.xcconfig; sourceTree = "<group>"; };
/* End PBXFileReference section */

/* Begin PBXFrameworksBuildPhase section */
		0ABCC7DC154F1CBA00CE5CC7 /* Frameworks */ = {
			isa = PBXFrameworksBuildPhase;
			buildActionMask = 2147483647;
			files = (
				0ABCC7E3154F1CBA00CE5CC7 /* Foundation.framework in Frameworks */,
			);
			runOnlyForDeploymentPostprocessing = 0;
		};
/* End PBXFrameworksBuildPhase section */

/* Begin PBXGroup section */
		0ABCC7D4154F1CBA00CE5CC7 = {
			isa = PBXGroup;
			children = (
				0ABCC7E4154F1CBA00CE5CC7 /* LuaLib */,
				0ABCC7E1154F1CBA00CE5CC7 /* Frameworks */,
				0ABCC7E0154F1CBA00CE5CC7 /* Products */,
			);
			sourceTree = "<group>";
		};
		0ABCC7E0154F1CBA00CE5CC7 /* Products */ = {
			isa = PBXGroup;
			children = (
				0ABCC7DF154F1CBA00CE5CC7 /* libLuaLib.a */,
			);
			name = Products;
			sourceTree = "<group>";
		};
		0ABCC7E1154F1CBA00CE5CC7 /* Frameworks */ = {
			isa = PBXGroup;
			children = (
				0ABCC7E2154F1CBA00CE5CC7 /* Foundation.framework */,
			);
			name = Frameworks;
			sourceTree = "<group>";
		};
		0ABCC7E4154F1CBA00CE5CC7 /* LuaLib */ = {
			isa = PBXGroup;
			children = (
				0ABCCB09154F2D8B00CE5CC7 /* Config */,
				0ABCC865154F1D6C00CE5CC7 /* kobold */,
				0ABCC7EF154F1CD100CE5CC7 /* lua */,
				0ABCC7E5154F1CBA00CE5CC7 /* Supporting Files */,
			);
			path = LuaLib;
			sourceTree = "<group>";
		};
		0ABCC7E5154F1CBA00CE5CC7 /* Supporting Files */ = {
			isa = PBXGroup;
			children = (
				0ABCC7E6154F1CBA00CE5CC7 /* LuaLib-Prefix.pch */,
			);
			name = "Supporting Files";
			sourceTree = "<group>";
		};
		0ABCC7EF154F1CD100CE5CC7 /* lua */ = {
			isa = PBXGroup;
			children = (
				0ABCC7F7154F1D6200CE5CC7 /* lapi.c */,
				0ABCC7F8154F1D6200CE5CC7 /* lapi.h */,
				0ABCC7F9154F1D6200CE5CC7 /* lauxlib.c */,
				0ABCC7FA154F1D6200CE5CC7 /* lauxlib.h */,
				0ABCC7FB154F1D6200CE5CC7 /* lbaselib.c */,
				0ABCC7FC154F1D6200CE5CC7 /* lcode.c */,
				0ABCC7FD154F1D6200CE5CC7 /* lcode.h */,
				0ABCC7FE154F1D6200CE5CC7 /* ldblib.c */,
				0ABCC7FF154F1D6200CE5CC7 /* ldebug.c */,
				0ABCC800154F1D6200CE5CC7 /* ldebug.h */,
				0ABCC801154F1D6200CE5CC7 /* ldo.c */,
				0ABCC802154F1D6200CE5CC7 /* ldo.h */,
				0ABCC803154F1D6200CE5CC7 /* ldump.c */,
				0ABCC804154F1D6200CE5CC7 /* lfunc.c */,
				0ABCC805154F1D6200CE5CC7 /* lfunc.h */,
				0ABCC806154F1D6200CE5CC7 /* lgc.c */,
				0ABCC807154F1D6200CE5CC7 /* lgc.h */,
				0ABCC808154F1D6200CE5CC7 /* linit.c */,
				0ABCC809154F1D6200CE5CC7 /* liolib.c */,
				0ABCC80A154F1D6200CE5CC7 /* llex.c */,
				0ABCC80B154F1D6200CE5CC7 /* llex.h */,
				0ABCC80C154F1D6200CE5CC7 /* llimits.h */,
				0ABCC80D154F1D6200CE5CC7 /* lmathlib.c */,
				0ABCC80E154F1D6200CE5CC7 /* lmem.c */,
				0ABCC80F154F1D6200CE5CC7 /* lmem.h */,
				0ABCC810154F1D6200CE5CC7 /* loadlib.c */,
				0ABCC811154F1D6200CE5CC7 /* lobject.c */,
				0ABCC812154F1D6200CE5CC7 /* lobject.h */,
				0ABCC813154F1D6200CE5CC7 /* lopcodes.c */,
				0ABCC814154F1D6200CE5CC7 /* lopcodes.h */,
				0ABCC815154F1D6200CE5CC7 /* loslib.c */,
				0ABCC816154F1D6200CE5CC7 /* lparser.c */,
				0ABCC817154F1D6200CE5CC7 /* lparser.h */,
				0ABCC818154F1D6200CE5CC7 /* lstate.c */,
				0ABCC819154F1D6200CE5CC7 /* lstate.h */,
				0ABCC81A154F1D6200CE5CC7 /* lstring.c */,
				0ABCC81B154F1D6200CE5CC7 /* lstring.h */,
				0ABCC81C154F1D6200CE5CC7 /* lstrlib.c */,
				0ABCC81D154F1D6200CE5CC7 /* ltable.c */,
				0ABCC81E154F1D6200CE5CC7 /* ltable.h */,
				0ABCC81F154F1D6200CE5CC7 /* ltablib.c */,
				0ABCC820154F1D6200CE5CC7 /* ltm.c */,
				0ABCC821154F1D6200CE5CC7 /* ltm.h */,
				0ABCC822154F1D6200CE5CC7 /* lua.c */,
				0ABCC823154F1D6200CE5CC7 /* lua.h */,
				0ABCC824154F1D6200CE5CC7 /* luac.c */,
				0ABCC825154F1D6200CE5CC7 /* luaconf.h */,
				0ABCC826154F1D6200CE5CC7 /* lualib.h */,
				0ABCC827154F1D6200CE5CC7 /* lundump.c */,
				0ABCC828154F1D6200CE5CC7 /* lundump.h */,
				0ABCC829154F1D6200CE5CC7 /* lvm.c */,
				0ABCC82A154F1D6200CE5CC7 /* lvm.h */,
				0ABCC82B154F1D6200CE5CC7 /* lzio.c */,
				0ABCC82C154F1D6200CE5CC7 /* lzio.h */,
				0ABCC82D154F1D6200CE5CC7 /* print.c */,
			);
			name = lua;
			sourceTree = "<group>";
		};
		0ABCC865154F1D6C00CE5CC7 /* kobold */ = {
			isa = PBXGroup;
			children = (
				0ABCC8F1154F1E0600CE5CC7 /* KKConfig.h */,
				0ABCC8F2154F1E0600CE5CC7 /* KKConfig.m */,
				0ABCC8F3154F1E0600CE5CC7 /* luawax.h */,
				0ABCC866154F1DB000CE5CC7 /* KKLua.h */,
				0ABCC867154F1DB000CE5CC7 /* KKLua.m */,
				0ABCC868154F1DB000CE5CC7 /* kkLuaInitScript.h */,
			);
			name = kobold;
			sourceTree = "<group>";
		};
		0ABCCB09154F2D8B00CE5CC7 /* Config */ = {
			isa = PBXGroup;
			children = (
				0ABCCB0A154F2D9A00CE5CC7 /* Config.xcconfig */,
			);
			name = Config;
			sourceTree = "<group>";
		};
/* End PBXGroup section */

/* Begin PBXHeadersBuildPhase section */
		0ABCC7DD154F1CBA00CE5CC7 /* Headers */ = {
			isa = PBXHeadersBuildPhase;
			buildActionMask = 2147483647;
			files = (
				0ABCC8F4154F1E0600CE5CC7 /* KKConfig.h in Headers */,
				0ABCC86A154F1DB000CE5CC7 /* KKLua.h in Headers */,
				0ABCC86C154F1DB000CE5CC7 /* kkLuaInitScript.h in Headers */,
				0ABCC82F154F1D6200CE5CC7 /* lapi.h in Headers */,
				0ABCC831154F1D6200CE5CC7 /* lauxlib.h in Headers */,
				0ABCC834154F1D6200CE5CC7 /* lcode.h in Headers */,
				0ABCC837154F1D6200CE5CC7 /* ldebug.h in Headers */,
				0ABCC839154F1D6200CE5CC7 /* ldo.h in Headers */,
				0ABCC83C154F1D6200CE5CC7 /* lfunc.h in Headers */,
				0ABCC83E154F1D6200CE5CC7 /* lgc.h in Headers */,
				0ABCC842154F1D6200CE5CC7 /* llex.h in Headers */,
				0ABCC843154F1D6200CE5CC7 /* llimits.h in Headers */,
				0ABCC846154F1D6200CE5CC7 /* lmem.h in Headers */,
				0ABCC849154F1D6200CE5CC7 /* lobject.h in Headers */,
				0ABCC84B154F1D6200CE5CC7 /* lopcodes.h in Headers */,
				0ABCC84E154F1D6200CE5CC7 /* lparser.h in Headers */,
				0ABCC850154F1D6200CE5CC7 /* lstate.h in Headers */,
				0ABCC852154F1D6200CE5CC7 /* lstring.h in Headers */,
				0ABCC855154F1D6200CE5CC7 /* ltable.h in Headers */,
				0ABCC858154F1D6200CE5CC7 /* ltm.h in Headers */,
				0ABCC85A154F1D6200CE5CC7 /* lua.h in Headers */,
				0ABCC85C154F1D6200CE5CC7 /* luaconf.h in Headers */,
				0ABCC85D154F1D6200CE5CC7 /* lualib.h in Headers */,
				0ABCC85F154F1D6200CE5CC7 /* lundump.h in Headers */,
				0ABCC861154F1D6200CE5CC7 /* lvm.h in Headers */,
				0ABCC863154F1D6200CE5CC7 /* lzio.h in Headers */,
				0ABCC8F6154F1E0600CE5CC7 /* luawax.h in Headers */,
			);
			runOnlyForDeploymentPostprocessing = 0;
		};
/* End PBXHeadersBuildPhase section */

/* Begin PBXNativeTarget section */
		0ABCC7DE154F1CBA00CE5CC7 /* LuaLib */ = {
			isa = PBXNativeTarget;
			buildConfigurationList = 0ABCC7EC154F1CBA00CE5CC7 /* Build configuration list for PBXNativeTarget "LuaLib" */;
			buildPhases = (
				0ABCC7DB154F1CBA00CE5CC7 /* Sources */,
				0ABCC7DC154F1CBA00CE5CC7 /* Frameworks */,
				0ABCC7DD154F1CBA00CE5CC7 /* Headers */,
			);
			buildRules = (
			);
			dependencies = (
			);
			name = LuaLib;
			productName = LuaLib;
			productReference = 0ABCC7DF154F1CBA00CE5CC7 /* libLuaLib.a */;
			productType = "com.apple.product-type.library.static";
		};
/* End PBXNativeTarget section */

/* Begin PBXProject section */
		0ABCC7D6154F1CBA00CE5CC7 /* Project object */ = {
			isa = PBXProject;
			attributes = {
				LastUpgradeCheck = 0430;
			};
			buildConfigurationList = 0ABCC7D9154F1CBA00CE5CC7 /* Build configuration list for PBXProject "LuaLib" */;
			compatibilityVersion = "Xcode 3.2";
			developmentRegion = English;
			hasScannedForEncodings = 0;
			knownRegions = (
				en,
			);
			mainGroup = 0ABCC7D4154F1CBA00CE5CC7;
			productRefGroup = 0ABCC7E0154F1CBA00CE5CC7 /* Products */;
			projectDirPath = "";
			projectRoot = "";
			targets = (
				0ABCC7DE154F1CBA00CE5CC7 /* LuaLib */,
			);
		};
/* End PBXProject section */

/* Begin PBXSourcesBuildPhase section */
		0ABCC7DB154F1CBA00CE5CC7 /* Sources */ = {
			isa = PBXSourcesBuildPhase;
			buildActionMask = 2147483647;
			files = (
				0ABCC82E154F1D6200CE5CC7 /* lapi.c in Sources */,
				0ABCC830154F1D6200CE5CC7 /* lauxlib.c in Sources */,
				0ABCC832154F1D6200CE5CC7 /* lbaselib.c in Sources */,
				0ABCC833154F1D6200CE5CC7 /* lcode.c in Sources */,
				0ABCC835154F1D6200CE5CC7 /* ldblib.c in Sources */,
				0ABCC836154F1D6200CE5CC7 /* ldebug.c in Sources */,
				0ABCC838154F1D6200CE5CC7 /* ldo.c in Sources */,
				0ABCC83A154F1D6200CE5CC7 /* ldump.c in Sources */,
				0ABCC83B154F1D6200CE5CC7 /* lfunc.c in Sources */,
				0ABCC83D154F1D6200CE5CC7 /* lgc.c in Sources */,
				0ABCC83F154F1D6200CE5CC7 /* linit.c in Sources */,
				0ABCC840154F1D6200CE5CC7 /* liolib.c in Sources */,
				0ABCC841154F1D6200CE5CC7 /* llex.c in Sources */,
				0ABCC844154F1D6200CE5CC7 /* lmathlib.c in Sources */,
				0ABCC845154F1D6200CE5CC7 /* lmem.c in Sources */,
				0ABCC847154F1D6200CE5CC7 /* loadlib.c in Sources */,
				0ABCC848154F1D6200CE5CC7 /* lobject.c in Sources */,
				0ABCC84A154F1D6200CE5CC7 /* lopcodes.c in Sources */,
				0ABCC84C154F1D6200CE5CC7 /* loslib.c in Sources */,
				0ABCC84D154F1D6200CE5CC7 /* lparser.c in Sources */,
				0ABCC84F154F1D6200CE5CC7 /* lstate.c in Sources */,
				0ABCC851154F1D6200CE5CC7 /* lstring.c in Sources */,
				0ABCC853154F1D6200CE5CC7 /* lstrlib.c in Sources */,
				0ABCC854154F1D6200CE5CC7 /* ltable.c in Sources */,
				0ABCC856154F1D6200CE5CC7 /* ltablib.c in Sources */,
				0ABCC857154F1D6200CE5CC7 /* ltm.c in Sources */,
				0ABCC859154F1D6200CE5CC7 /* lua.c in Sources */,
				0ABCC85B154F1D6200CE5CC7 /* luac.c in Sources */,
				0ABCC85E154F1D6200CE5CC7 /* lundump.c in Sources */,
				0ABCC860154F1D6200CE5CC7 /* lvm.c in Sources */,
				0ABCC862154F1D6200CE5CC7 /* lzio.c in Sources */,
				0ABCC864154F1D6200CE5CC7 /* print.c in Sources */,
				0ABCC86B154F1DB000CE5CC7 /* KKLua.m in Sources */,
				0ABCC8F5154F1E0600CE5CC7 /* KKConfig.m in Sources */,
			);
			runOnlyForDeploymentPostprocessing = 0;
		};
/* End PBXSourcesBuildPhase section */

/* Begin XCBuildConfiguration section */
		0ABCC7EA154F1CBA00CE5CC7 /* Debug */ = {
			isa = XCBuildConfiguration;
			buildSettings = {
				ALWAYS_SEARCH_USER_PATHS = NO;
				ARCHS = "$(ARCHS_STANDARD_32_BIT)";
				COPY_PHASE_STRIP = NO;
				GCC_C_LANGUAGE_STANDARD = gnu99;
				GCC_DYNAMIC_NO_PIC = NO;
				GCC_OPTIMIZATION_LEVEL = 0;
				GCC_PREPROCESSOR_DEFINITIONS = (
					"DEBUG=1",
					"$(inherited)",
				);
				GCC_SYMBOLS_PRIVATE_EXTERN = NO;
				GCC_VERSION = com.apple.compilers.llvm.clang.1_0;
				GCC_WARN_ABOUT_RETURN_TYPE = YES;
				GCC_WARN_UNINITIALIZED_AUTOS = YES;
				GCC_WARN_UNUSED_VARIABLE = YES;
				IPHONEOS_DEPLOYMENT_TARGET = 5.1;
				SDKROOT = iphoneos;
			};
			name = Debug;
		};
		0ABCC7EB154F1CBA00CE5CC7 /* Release */ = {
			isa = XCBuildConfiguration;
			buildSettings = {
				ALWAYS_SEARCH_USER_PATHS = NO;
				ARCHS = "$(ARCHS_STANDARD_32_BIT)";
				COPY_PHASE_STRIP = YES;
				GCC_C_LANGUAGE_STANDARD = gnu99;
				GCC_VERSION = com.apple.compilers.llvm.clang.1_0;
				GCC_WARN_ABOUT_RETURN_TYPE = YES;
				GCC_WARN_UNINITIALIZED_AUTOS = YES;
				GCC_WARN_UNUSED_VARIABLE = YES;
				IPHONEOS_DEPLOYMENT_TARGET = 5.1;
				SDKROOT = iphoneos;
				VALIDATE_PRODUCT = YES;
			};
			name = Release;
		};
		0ABCC7ED154F1CBA00CE5CC7 /* Debug */ = {
			isa = XCBuildConfiguration;
			buildSettings = {
				DSTROOT = /tmp/LuaLib.dst;
				GCC_PRECOMPILE_PREFIX_HEADER = YES;
				GCC_PREFIX_HEADER = "LuaLib/LuaLib-Prefix.pch";
				OTHER_LDFLAGS = "-ObjC";
				PRODUCT_NAME = "$(TARGET_NAME)";
				SKIP_INSTALL = YES;
			};
			name = Debug;
		};
		0ABCC7EE154F1CBA00CE5CC7 /* Release */ = {
			isa = XCBuildConfiguration;
			buildSettings = {
				DSTROOT = /tmp/LuaLib.dst;
				GCC_PRECOMPILE_PREFIX_HEADER = YES;
				GCC_PREFIX_HEADER = "LuaLib/LuaLib-Prefix.pch";
				OTHER_LDFLAGS = "-ObjC";
				PRODUCT_NAME = "$(TARGET_NAME)";
				SKIP_INSTALL = YES;
			};
			name = Release;
		};
/* End XCBuildConfiguration section */

/* Begin XCConfigurationList section */
		0ABCC7D9154F1CBA00CE5CC7 /* Build configuration list for PBXProject "LuaLib" */ = {
			isa = XCConfigurationList;
			buildConfigurations = (
				0ABCC7EA154F1CBA00CE5CC7 /* Debug */,
				0ABCC7EB154F1CBA00CE5CC7 /* Release */,
			);
			defaultConfigurationIsVisible = 0;
			defaultConfigurationName = Release;
		};
		0ABCC7EC154F1CBA00CE5CC7 /* Build configuration list for PBXNativeTarget "LuaLib" */ = {
			isa = XCConfigurationList;
			buildConfigurations = (
				0ABCC7ED154F1CBA00CE5CC7 /* Debug */,
				0ABCC7EE154F1CBA00CE5CC7 /* Release */,
			);
			defaultConfigurationIsVisible = 0;
			defaultConfigurationName = Release;
		};
/* End XCConfigurationList section */
	};
	rootObject = 0ABCC7D6154F1CBA00CE5CC7 /* Project object */;
}
